
Microsoft Visual Studio Solution File, Format Version 12.00
# Visual Studio Version 16
VisualStudioVersion = 16.0.31025.194
MinimumVisualStudioVersion = 10.0.40219.1
Project("{FAE04EC0-301F-11D3-BF4B-00C04F79EFBC}") = "teestForm2", "teestForm2\teestForm2.csproj", "{68A65934-B937-4A61-8986-E255A7CB4637}"
EndProject
Global
	GlobalSection(SolutionConfigurationPlatforms) = preSolution
		Debug|Any CPU = Debug|Any CPU
		Release|Any CPU = Release|Any CPU
	EndGlobalSection
	GlobalSection(ProjectConfigurationPlatforms) = postSolution
		{68A65934-B937-4A61-8986-E255A7CB4637}.Debug|Any CPU.ActiveCfg = Debug|Any CPU
		{68A65934-B937-4A61-8986-E255A7CB4637}.Debug|Any CPU.Build.0 = Debug|Any CPU
		{68A65934-B937-4A61-8986-E255A7CB4637}.Release|Any CPU.ActiveCfg = Release|Any CPU
		{68A65934-B937-4A61-8986-E255A7CB4637}.Release|Any CPU.Build.0 = Release|Any CPU
	EndGlobalSection
	GlobalSection(SolutionProperties) = preSolution
		HideSolutionNode = FALSE
	EndGlobalSection
	GlobalSection(ExtensibilityGlobals) = postSolution
		SolutionGuid = {112C3F6E-4A52-4B05-8086-6302B2BAA54B}
	EndGlobalSection
EndGlobal
